# This file is automatically @generated by Poetry 2.2.1 and should not be changed by hand.

[[package]]
name = "poetry-core"
version = "2.3.1"
description = "Poetry PEP 517 Build Backend"
optional = false
python-versions = "<4.0,>=3.10"
groups = ["main"]
files = [
    {file = "poetry_core-2.3.1-py3-none-any.whl", hash = "sha256:db1cf63b782570deb38bfba61e2304a553eef0740dc17959a50cc0f5115ee634"},
    {file = "poetry_core-2.3.1.tar.gz", hash = "sha256:96f791d5d7d4e040f3983d76779425cf9532690e2756a24fd5ca0f86af19ef82"},
]

[metadata]
lock-version = "2.1"
python-versions = ">=3.13,<4.0"
content-hash = "833b9c044811b2a4b334105d2e9870af637d3c1b4bfadcd1c9d6dc11e504d72d"
